
Microsoft Visual Studio Solution File, Format Version 12.00
# Visual Studio Version 16
VisualStudioVersion = 16.0.31112.23
MinimumVisualStudioVersion = 10.0.40219.1
Project("{FAE04EC0-301F-11D3-BF4B-00C04F79EFBC}") = "Prueba.Info.AccesoADatos", "Prueba.Info.AccesoADatos\Prueba.Info.AccesoADatos.csproj", "{98768D61-6CD3-4926-899E-66545987C426}"
EndProject
Project("{FAE04EC0-301F-11D3-BF4B-00C04F79EFBC}") = "Prueba.Info.LogicaDeNegocio", "Prueba.Info.LogicaDeNegocio\Prueba.Info.LogicaDeNegocio.csproj", "{FEFCA540-3CE3-490A-AB73-CEFA41493F1F}"
EndProject
Project("{FAE04EC0-301F-11D3-BF4B-00C04F79EFBC}") = "Prueba.Info.EntidadesDeNegocio", "Prueba.Info.EntidadesDeNegocio\Prueba.Info.EntidadesDeNegocio.csproj", "{A339ABCE-BA84-4C31-914D-9D488362D4EF}"
EndProject
Project("{FAE04EC0-301F-11D3-BF4B-00C04F79EFBC}") = "Prueba.Info.WebApiRest", "Prueba.Info.WebApiRest\Prueba.Info.WebApiRest.csproj", "{16A0B521-12F9-49AF-8AF5-D633B1ACCA67}"
EndProject
Global
	GlobalSection(SolutionConfigurationPlatforms) = preSolution
		Debug|Any CPU = Debug|Any CPU
		Release|Any CPU = Release|Any CPU
	EndGlobalSection
	GlobalSection(ProjectConfigurationPlatforms) = postSolution
		{98768D61-6CD3-4926-899E-66545987C426}.Debug|Any CPU.ActiveCfg = Debug|Any CPU
		{98768D61-6CD3-4926-899E-66545987C426}.Debug|Any CPU.Build.0 = Debug|Any CPU
		{98768D61-6CD3-4926-899E-66545987C426}.Release|Any CPU.ActiveCfg = Release|Any CPU
		{98768D61-6CD3-4926-899E-66545987C426}.Release|Any CPU.Build.0 = Release|Any CPU
		{FEFCA540-3CE3-490A-AB73-CEFA41493F1F}.Debug|Any CPU.ActiveCfg = Debug|Any CPU
		{FEFCA540-3CE3-490A-AB73-CEFA41493F1F}.Debug|Any CPU.Build.0 = Debug|Any CPU
		{FEFCA540-3CE3-490A-AB73-CEFA41493F1F}.Release|Any CPU.ActiveCfg = Release|Any CPU
		{FEFCA540-3CE3-490A-AB73-CEFA41493F1F}.Release|Any CPU.Build.0 = Release|Any CPU
		{A339ABCE-BA84-4C31-914D-9D488362D4EF}.Debug|Any CPU.ActiveCfg = Debug|Any CPU
		{A339ABCE-BA84-4C31-914D-9D488362D4EF}.Debug|Any CPU.Build.0 = Debug|Any CPU
		{A339ABCE-BA84-4C31-914D-9D488362D4EF}.Release|Any CPU.ActiveCfg = Release|Any CPU
		{A339ABCE-BA84-4C31-914D-9D488362D4EF}.Release|Any CPU.Build.0 = Release|Any CPU
		{16A0B521-12F9-49AF-8AF5-D633B1ACCA67}.Debug|Any CPU.ActiveCfg = Debug|Any CPU
		{16A0B521-12F9-49AF-8AF5-D633B1ACCA67}.Debug|Any CPU.Build.0 = Debug|Any CPU
		{16A0B521-12F9-49AF-8AF5-D633B1ACCA67}.Release|Any CPU.ActiveCfg = Release|Any CPU
		{16A0B521-12F9-49AF-8AF5-D633B1ACCA67}.Release|Any CPU.Build.0 = Release|Any CPU
	EndGlobalSection
	GlobalSection(SolutionProperties) = preSolution
		HideSolutionNode = FALSE
	EndGlobalSection
	GlobalSection(ExtensibilityGlobals) = postSolution
		SolutionGuid = {6A031DD8-1A86-4EF2-8758-94D7CCFD8043}
	EndGlobalSection
EndGlobal
